
Microsoft Visual Studio Solution File, Format Version 12.00
# Visual Studio Version 17
VisualStudioVersion = 17.0.31903.59
MinimumVisualStudioVersion = 10.0.40219.1
Project("{2150E333-8FDC-42A3-9474-1A3956D46DE8}") = "src", "src", "{4221EEF1-6111-45DF-83D3-3334BD72C8BC}"
EndProject
Project("{FAE04EC0-301F-11D3-BF4B-00C04F79EFBC}") = "AuctionService", "src\AuctionService\AuctionService.csproj", "{31E454D3-BC79-4F18-A3C5-E467210EB52E}"
EndProject
Global
	GlobalSection(SolutionConfigurationPlatforms) = preSolution
		Debug|Any CPU = Debug|Any CPU
		Release|Any CPU = Release|Any CPU
	EndGlobalSection
	GlobalSection(ProjectConfigurationPlatforms) = postSolution
		{31E454D3-BC79-4F18-A3C5-E467210EB52E}.Debug|Any CPU.ActiveCfg = Debug|Any CPU
		{31E454D3-BC79-4F18-A3C5-E467210EB52E}.Debug|Any CPU.Build.0 = Debug|Any CPU
		{31E454D3-BC79-4F18-A3C5-E467210EB52E}.Release|Any CPU.ActiveCfg = Release|Any CPU
		{31E454D3-BC79-4F18-A3C5-E467210EB52E}.Release|Any CPU.Build.0 = Release|Any CPU
	EndGlobalSection
	GlobalSection(SolutionProperties) = preSolution
		HideSolutionNode = FALSE
	EndGlobalSection
	GlobalSection(NestedProjects) = preSolution
		{31E454D3-BC79-4F18-A3C5-E467210EB52E} = {4221EEF1-6111-45DF-83D3-3334BD72C8BC}
	EndGlobalSection
EndGlobal
